
Microsoft Visual Studio Solution File, Format Version 12.00
# Visual Studio 2012
Project("{2150E333-8FDC-42A3-9474-1A3956D46DE8}") = "PocketMoney.Bin", "PocketMoney.Bin", "{1CDAC062-DD9F-427D-A790-A09D41799D8B}"
	ProjectSection(SolutionItems) = preProject
		PocketMoney.Bin\Antlr3.Runtime.dll = PocketMoney.Bin\Antlr3.Runtime.dll
		PocketMoney.Bin\Castle.Core.dll = PocketMoney.Bin\Castle.Core.dll
		PocketMoney.Bin\Castle.Facilities.AutoTx.dll = PocketMoney.Bin\Castle.Facilities.AutoTx.dll
		PocketMoney.Bin\Castle.Facilities.EventWiring.dll = PocketMoney.Bin\Castle.Facilities.EventWiring.dll
		PocketMoney.Bin\Castle.Facilities.FactorySupport.dll = PocketMoney.Bin\Castle.Facilities.FactorySupport.dll
		PocketMoney.Bin\Castle.Facilities.Logging.dll = PocketMoney.Bin\Castle.Facilities.Logging.dll
		PocketMoney.Bin\Castle.Facilities.NHibernate.dll = PocketMoney.Bin\Castle.Facilities.NHibernate.dll
		PocketMoney.Bin\Castle.Facilities.NHibernateIntegration.dll = PocketMoney.Bin\Castle.Facilities.NHibernateIntegration.dll
		PocketMoney.Bin\Castle.Facilities.QuartzIntegration.dll = PocketMoney.Bin\Castle.Facilities.QuartzIntegration.dll
		PocketMoney.Bin\Castle.Facilities.Remoting.dll = PocketMoney.Bin\Castle.Facilities.Remoting.dll
		PocketMoney.Bin\Castle.Facilities.Synchronize.dll = PocketMoney.Bin\Castle.Facilities.Synchronize.dll
		PocketMoney.Bin\Castle.Facilities.WcfIntegration.dll = PocketMoney.Bin\Castle.Facilities.WcfIntegration.dll
		PocketMoney.Bin\Castle.Services.Logging.Log4netIntegration.dll = PocketMoney.Bin\Castle.Services.Logging.Log4netIntegration.dll
		PocketMoney.Bin\Castle.Services.Logging.NLogIntegration.dll = PocketMoney.Bin\Castle.Services.Logging.NLogIntegration.dll
		PocketMoney.Bin\Castle.Services.Transaction.dll = PocketMoney.Bin\Castle.Services.Transaction.dll
		PocketMoney.Bin\Castle.Transactions.dll = PocketMoney.Bin\Castle.Transactions.dll
		PocketMoney.Bin\Castle.Windsor.dll = PocketMoney.Bin\Castle.Windsor.dll
		PocketMoney.Bin\Castle.Windsor.Lifestyles.dll = PocketMoney.Bin\Castle.Windsor.Lifestyles.dll
		PocketMoney.Bin\Common.Logging.dll = PocketMoney.Bin\Common.Logging.dll
		PocketMoney.Bin\CsvHelper.dll = PocketMoney.Bin\CsvHelper.dll
		PocketMoney.Bin\FluentNHibernate.dll = PocketMoney.Bin\FluentNHibernate.dll
		PocketMoney.Bin\FluentNHibernate.Specs.dll = PocketMoney.Bin\FluentNHibernate.Specs.dll
		PocketMoney.Bin\FluentNHibernate.Specs.ExternalFixtures.dll = PocketMoney.Bin\FluentNHibernate.Specs.ExternalFixtures.dll
		PocketMoney.Bin\Iesi.Collections.dll = PocketMoney.Bin\Iesi.Collections.dll
		PocketMoney.Bin\LinFu.DynamicProxy.dll = PocketMoney.Bin\LinFu.DynamicProxy.dll
		PocketMoney.Bin\log4net.dll = PocketMoney.Bin\log4net.dll
		PocketMoney.Bin\Machine.Container.dll = PocketMoney.Bin\Machine.Container.dll
		PocketMoney.Bin\Machine.Core.dll = PocketMoney.Bin\Machine.Core.dll
		PocketMoney.Bin\Machine.Specifications.dll = PocketMoney.Bin\Machine.Specifications.dll
		PocketMoney.Bin\Microsoft.CSharp.dll = PocketMoney.Bin\Microsoft.CSharp.dll
		PocketMoney.Bin\Microsoft.IdentityModel.dll = PocketMoney.Bin\Microsoft.IdentityModel.dll
		PocketMoney.Bin\Microsoft.IdentityModel.WindowsTokenService.dll = PocketMoney.Bin\Microsoft.IdentityModel.WindowsTokenService.dll
		PocketMoney.Bin\Microsoft.Practices.ServiceLocation.dll = PocketMoney.Bin\Microsoft.Practices.ServiceLocation.dll
		PocketMoney.Bin\Microsoft.Web.Helpers.dll = PocketMoney.Bin\Microsoft.Web.Helpers.dll
		PocketMoney.Bin\Microsoft.Web.Infrastructure.dll = PocketMoney.Bin\Microsoft.Web.Infrastructure.dll
		PocketMoney.Bin\Microsoft.Web.Optimization.dll = PocketMoney.Bin\Microsoft.Web.Optimization.dll
		PocketMoney.Bin\Microsoft.WindowsAzure.ServiceRuntime.dll = PocketMoney.Bin\Microsoft.WindowsAzure.ServiceRuntime.dll
		PocketMoney.Bin\Microsoft.WindowsAzure.StorageClient.dll = PocketMoney.Bin\Microsoft.WindowsAzure.StorageClient.dll
		PocketMoney.Bin\Moq.dll = PocketMoney.Bin\Moq.dll
		PocketMoney.Bin\Newtonsoft.Json.dll = PocketMoney.Bin\Newtonsoft.Json.dll
		PocketMoney.Bin\NHibernate.ByteCode.Castle.dll = PocketMoney.Bin\NHibernate.ByteCode.Castle.dll
		PocketMoney.Bin\NHibernate.ByteCode.LinFu.dll = PocketMoney.Bin\NHibernate.ByteCode.LinFu.dll
		PocketMoney.Bin\NHibernate.ByteCode.Spring.dll = PocketMoney.Bin\NHibernate.ByteCode.Spring.dll
		PocketMoney.Bin\NHibernate.Caches.SysCache.dll = PocketMoney.Bin\NHibernate.Caches.SysCache.dll
		PocketMoney.Bin\NHibernate.dll = PocketMoney.Bin\NHibernate.dll
		PocketMoney.Bin\NHibernate.DomainModel.dll = PocketMoney.Bin\NHibernate.DomainModel.dll
		PocketMoney.Bin\NHibernate.Linq.dll = PocketMoney.Bin\NHibernate.Linq.dll
		PocketMoney.Bin\NHibernate.Session.dll = PocketMoney.Bin\NHibernate.Session.dll
		PocketMoney.Bin\NLog.dll = PocketMoney.Bin\NLog.dll
		PocketMoney.Bin\Remotion.Data.Linq.dll = PocketMoney.Bin\Remotion.Data.Linq.dll
		PocketMoney.Bin\Remotion.Linq.dll = PocketMoney.Bin\Remotion.Linq.dll
		PocketMoney.Bin\System.Web.Optimization.dll = PocketMoney.Bin\System.Web.Optimization.dll
		PocketMoney.Bin\WebGrease.dll = PocketMoney.Bin\WebGrease.dll
	EndProjectSection
EndProject
Project("{FAE04EC0-301F-11D3-BF4B-00C04F79EFBC}") = "PocketMoney.Configuration.Web", "PocketMoney.Configuration.Web\PocketMoney.Configuration.Web.csproj", "{4879EC67-3895-4B63-97D9-215652E721F5}"
EndProject
Project("{FAE04EC0-301F-11D3-BF4B-00C04F79EFBC}") = "PocketMoney.Data", "PocketMoney.Data\PocketMoney.Data.csproj", "{CFA0E50C-E297-4B2A-87C1-D861B5999B00}"
EndProject
Project("{FAE04EC0-301F-11D3-BF4B-00C04F79EFBC}") = "PocketMoney.Data.NHibernate", "PocketMoney.Data.NHibernate\PocketMoney.Data.NHibernate.csproj", "{C4152651-78A9-40F5-A8A8-266FFDD15C29}"
EndProject
Project("{2150E333-8FDC-42A3-9474-1A3956D46DE8}") = "PocketMoney.FileSystem", "PocketMoney.FileSystem", "{EFABB933-318C-4121-9169-E5ED90766A0A}"
EndProject
Project("{FAE04EC0-301F-11D3-BF4B-00C04F79EFBC}") = "PocketMoney.FileSystem.NHibernate", "PocketMoney.FileSystem.NHibernate\PocketMoney.FileSystem.NHibernate.csproj", "{3E7B244E-AB5D-4AA7-81BF-5FFC63969641}"
EndProject
Project("{FAE04EC0-301F-11D3-BF4B-00C04F79EFBC}") = "PocketMoney.FileSystem.Model", "PocketMoney.FileSystem.Model\PocketMoney.FileSystem.Model.csproj", "{36D75EAC-9C39-486C-8356-7519FBE07D01}"
EndProject
Project("{FAE04EC0-301F-11D3-BF4B-00C04F79EFBC}") = "PocketMoney.FileSystem.Service", "PocketMoney.FileSystem.Service\PocketMoney.FileSystem.Service.csproj", "{27C4723B-2EC6-43AF-B02C-D19392381219}"
EndProject
Project("{FAE04EC0-301F-11D3-BF4B-00C04F79EFBC}") = "PocketMoney.FileSystem.Providers", "PocketMoney.FileSystem.Providers\PocketMoney.FileSystem.Providers.csproj", "{F0CC5EC8-72BC-4A5F-84FF-8BDB58B58D2E}"
EndProject
Project("{2150E333-8FDC-42A3-9474-1A3956D46DE8}") = "PocketMoney.Common", "PocketMoney.Common", "{B06F3969-C161-4216-82CC-84C2C95D2187}"
EndProject
Project("{FAE04EC0-301F-11D3-BF4B-00C04F79EFBC}") = "PocketMoney.Util", "PocketMoney.Util\PocketMoney.Util.csproj", "{B17B0F49-4D3A-46AB-8C20-FFF0B75122D0}"
EndProject
Project("{FAE04EC0-301F-11D3-BF4B-00C04F79EFBC}") = "PocketMoney.Resources", "PocketMoney.Resources\PocketMoney.Resources.csproj", "{4A89AFD5-D3D5-41DF-AC8D-E15984898048}"
EndProject
Project("{2150E333-8FDC-42A3-9474-1A3956D46DE8}") = "PocketMoney.BL", "PocketMoney.BL", "{BC07075C-45C9-473C-88D4-391A7B3FF1E7}"
EndProject
Project("{FAE04EC0-301F-11D3-BF4B-00C04F79EFBC}") = "PocketMoney.Model", "PocketMoney.Model\PocketMoney.Model.csproj", "{313D9B49-63C1-468B-AC33-71015C1E34CF}"
EndProject
Project("{FAE04EC0-301F-11D3-BF4B-00C04F79EFBC}") = "PocketMoney.Model.NHibernate", "PocketMoney.Model.NHibernate\PocketMoney.Model.NHibernate.csproj", "{532EEF67-B3BB-4CA8-98E9-483E8E5ADF2A}"
EndProject
Project("{FAE04EC0-301F-11D3-BF4B-00C04F79EFBC}") = "PocketMoney.Service", "PocketMoney.Service\PocketMoney.Service.csproj", "{FFFC474C-1A82-42ED-B714-FE8E6878FAF8}"
EndProject
Project("{2150E333-8FDC-42A3-9474-1A3956D46DE8}") = "PocketMoney.IO", "PocketMoney.IO", "{78680FA5-FB47-4B6F-8123-3B531FB574BE}"
EndProject
Project("{FAE04EC0-301F-11D3-BF4B-00C04F79EFBC}") = "PocketMoney.Admin", "PocketMoney.Admin\PocketMoney.Admin.csproj", "{BBA6EBA9-C0C0-465B-838B-D3B605AA6950}"
EndProject
Project("{FAE04EC0-301F-11D3-BF4B-00C04F79EFBC}") = "PocketMoney.Data.Service", "PocketMoney.Data.Service\PocketMoney.Data.Service.csproj", "{0708F625-442C-45BF-A74C-480A0DA30B68}"
EndProject
Project("{FAE04EC0-301F-11D3-BF4B-00C04F79EFBC}") = "PocketMoney.Test.Api", "PocketMoney.Test.Api\PocketMoney.Test.Api.csproj", "{FC0151A2-7FD5-408B-93F4-5AB4C20161F2}"
EndProject
Project("{2150E333-8FDC-42A3-9474-1A3956D46DE8}") = "PocketMoney.Test", "PocketMoney.Test", "{4ECC8F30-A6F1-4F58-BC7D-4C3775D887F9}"
EndProject
Project("{FAE04EC0-301F-11D3-BF4B-00C04F79EFBC}") = "PocketMoney.ParentApp", "PocketMoney.App\PocketMoney.ParentApp.csproj", "{EB382C12-9836-4309-AA3B-85EA29D0B51E}"
EndProject
Global
	GlobalSection(SolutionConfigurationPlatforms) = preSolution
		Debug|Any CPU = Debug|Any CPU
		Release|Any CPU = Release|Any CPU
	EndGlobalSection
	GlobalSection(ProjectConfigurationPlatforms) = postSolution
		{4879EC67-3895-4B63-97D9-215652E721F5}.Debug|Any CPU.ActiveCfg = Debug|Any CPU
		{4879EC67-3895-4B63-97D9-215652E721F5}.Debug|Any CPU.Build.0 = Debug|Any CPU
		{4879EC67-3895-4B63-97D9-215652E721F5}.Release|Any CPU.ActiveCfg = Release|Any CPU
		{4879EC67-3895-4B63-97D9-215652E721F5}.Release|Any CPU.Build.0 = Release|Any CPU
		{CFA0E50C-E297-4B2A-87C1-D861B5999B00}.Debug|Any CPU.ActiveCfg = Debug|Any CPU
		{CFA0E50C-E297-4B2A-87C1-D861B5999B00}.Debug|Any CPU.Build.0 = Debug|Any CPU
		{CFA0E50C-E297-4B2A-87C1-D861B5999B00}.Release|Any CPU.ActiveCfg = Release|Any CPU
		{CFA0E50C-E297-4B2A-87C1-D861B5999B00}.Release|Any CPU.Build.0 = Release|Any CPU
		{C4152651-78A9-40F5-A8A8-266FFDD15C29}.Debug|Any CPU.ActiveCfg = Debug|Any CPU
		{C4152651-78A9-40F5-A8A8-266FFDD15C29}.Debug|Any CPU.Build.0 = Debug|Any CPU
		{C4152651-78A9-40F5-A8A8-266FFDD15C29}.Release|Any CPU.ActiveCfg = Release|Any CPU
		{C4152651-78A9-40F5-A8A8-266FFDD15C29}.Release|Any CPU.Build.0 = Release|Any CPU
		{3E7B244E-AB5D-4AA7-81BF-5FFC63969641}.Debug|Any CPU.ActiveCfg = Debug|Any CPU
		{3E7B244E-AB5D-4AA7-81BF-5FFC63969641}.Debug|Any CPU.Build.0 = Debug|Any CPU
		{3E7B244E-AB5D-4AA7-81BF-5FFC63969641}.Release|Any CPU.ActiveCfg = Release|Any CPU
		{3E7B244E-AB5D-4AA7-81BF-5FFC63969641}.Release|Any CPU.Build.0 = Release|Any CPU
		{36D75EAC-9C39-486C-8356-7519FBE07D01}.Debug|Any CPU.ActiveCfg = Debug|Any CPU
		{36D75EAC-9C39-486C-8356-7519FBE07D01}.Debug|Any CPU.Build.0 = Debug|Any CPU
		{36D75EAC-9C39-486C-8356-7519FBE07D01}.Release|Any CPU.ActiveCfg = Release|Any CPU
		{36D75EAC-9C39-486C-8356-7519FBE07D01}.Release|Any CPU.Build.0 = Release|Any CPU
		{27C4723B-2EC6-43AF-B02C-D19392381219}.Debug|Any CPU.ActiveCfg = Debug|Any CPU
		{27C4723B-2EC6-43AF-B02C-D19392381219}.Debug|Any CPU.Build.0 = Debug|Any CPU
		{27C4723B-2EC6-43AF-B02C-D19392381219}.Release|Any CPU.ActiveCfg = Release|Any CPU
		{27C4723B-2EC6-43AF-B02C-D19392381219}.Release|Any CPU.Build.0 = Release|Any CPU
		{F0CC5EC8-72BC-4A5F-84FF-8BDB58B58D2E}.Debug|Any CPU.ActiveCfg = Debug|Any CPU
		{F0CC5EC8-72BC-4A5F-84FF-8BDB58B58D2E}.Debug|Any CPU.Build.0 = Debug|Any CPU
		{F0CC5EC8-72BC-4A5F-84FF-8BDB58B58D2E}.Release|Any CPU.ActiveCfg = Release|Any CPU
		{F0CC5EC8-72BC-4A5F-84FF-8BDB58B58D2E}.Release|Any CPU.Build.0 = Release|Any CPU
		{B17B0F49-4D3A-46AB-8C20-FFF0B75122D0}.Debug|Any CPU.ActiveCfg = Debug|Any CPU
		{B17B0F49-4D3A-46AB-8C20-FFF0B75122D0}.Debug|Any CPU.Build.0 = Debug|Any CPU
		{B17B0F49-4D3A-46AB-8C20-FFF0B75122D0}.Release|Any CPU.ActiveCfg = Release|Any CPU
		{B17B0F49-4D3A-46AB-8C20-FFF0B75122D0}.Release|Any CPU.Build.0 = Release|Any CPU
		{4A89AFD5-D3D5-41DF-AC8D-E15984898048}.Debug|Any CPU.ActiveCfg = Debug|Any CPU
		{4A89AFD5-D3D5-41DF-AC8D-E15984898048}.Debug|Any CPU.Build.0 = Debug|Any CPU
		{4A89AFD5-D3D5-41DF-AC8D-E15984898048}.Release|Any CPU.ActiveCfg = Release|Any CPU
		{4A89AFD5-D3D5-41DF-AC8D-E15984898048}.Release|Any CPU.Build.0 = Release|Any CPU
		{313D9B49-63C1-468B-AC33-71015C1E34CF}.Debug|Any CPU.ActiveCfg = Debug|Any CPU
		{313D9B49-63C1-468B-AC33-71015C1E34CF}.Debug|Any CPU.Build.0 = Debug|Any CPU
		{313D9B49-63C1-468B-AC33-71015C1E34CF}.Release|Any CPU.ActiveCfg = Release|Any CPU
		{313D9B49-63C1-468B-AC33-71015C1E34CF}.Release|Any CPU.Build.0 = Release|Any CPU
		{532EEF67-B3BB-4CA8-98E9-483E8E5ADF2A}.Debug|Any CPU.ActiveCfg = Debug|Any CPU
		{532EEF67-B3BB-4CA8-98E9-483E8E5ADF2A}.Debug|Any CPU.Build.0 = Debug|Any CPU
		{532EEF67-B3BB-4CA8-98E9-483E8E5ADF2A}.Release|Any CPU.ActiveCfg = Release|Any CPU
		{532EEF67-B3BB-4CA8-98E9-483E8E5ADF2A}.Release|Any CPU.Build.0 = Release|Any CPU
		{FFFC474C-1A82-42ED-B714-FE8E6878FAF8}.Debug|Any CPU.ActiveCfg = Debug|Any CPU
		{FFFC474C-1A82-42ED-B714-FE8E6878FAF8}.Debug|Any CPU.Build.0 = Debug|Any CPU
		{FFFC474C-1A82-42ED-B714-FE8E6878FAF8}.Release|Any CPU.ActiveCfg = Release|Any CPU
		{FFFC474C-1A82-42ED-B714-FE8E6878FAF8}.Release|Any CPU.Build.0 = Release|Any CPU
		{BBA6EBA9-C0C0-465B-838B-D3B605AA6950}.Debug|Any CPU.ActiveCfg = Debug|Any CPU
		{BBA6EBA9-C0C0-465B-838B-D3B605AA6950}.Debug|Any CPU.Build.0 = Debug|Any CPU
		{BBA6EBA9-C0C0-465B-838B-D3B605AA6950}.Release|Any CPU.ActiveCfg = Release|Any CPU
		{BBA6EBA9-C0C0-465B-838B-D3B605AA6950}.Release|Any CPU.Build.0 = Release|Any CPU
		{0708F625-442C-45BF-A74C-480A0DA30B68}.Debug|Any CPU.ActiveCfg = Debug|Any CPU
		{0708F625-442C-45BF-A74C-480A0DA30B68}.Debug|Any CPU.Build.0 = Debug|Any CPU
		{0708F625-442C-45BF-A74C-480A0DA30B68}.Release|Any CPU.ActiveCfg = Release|Any CPU
		{0708F625-442C-45BF-A74C-480A0DA30B68}.Release|Any CPU.Build.0 = Release|Any CPU
		{FC0151A2-7FD5-408B-93F4-5AB4C20161F2}.Debug|Any CPU.ActiveCfg = Debug|Any CPU
		{FC0151A2-7FD5-408B-93F4-5AB4C20161F2}.Debug|Any CPU.Build.0 = Debug|Any CPU
		{FC0151A2-7FD5-408B-93F4-5AB4C20161F2}.Release|Any CPU.ActiveCfg = Release|Any CPU
		{FC0151A2-7FD5-408B-93F4-5AB4C20161F2}.Release|Any CPU.Build.0 = Release|Any CPU
		{EB382C12-9836-4309-AA3B-85EA29D0B51E}.Debug|Any CPU.ActiveCfg = Debug|Any CPU
		{EB382C12-9836-4309-AA3B-85EA29D0B51E}.Debug|Any CPU.Build.0 = Debug|Any CPU
		{EB382C12-9836-4309-AA3B-85EA29D0B51E}.Release|Any CPU.ActiveCfg = Release|Any CPU
		{EB382C12-9836-4309-AA3B-85EA29D0B51E}.Release|Any CPU.Build.0 = Release|Any CPU
	EndGlobalSection
	GlobalSection(SolutionProperties) = preSolution
		HideSolutionNode = FALSE
	EndGlobalSection
	GlobalSection(NestedProjects) = preSolution
		{CFA0E50C-E297-4B2A-87C1-D861B5999B00} = {B06F3969-C161-4216-82CC-84C2C95D2187}
		{C4152651-78A9-40F5-A8A8-266FFDD15C29} = {B06F3969-C161-4216-82CC-84C2C95D2187}
		{4879EC67-3895-4B63-97D9-215652E721F5} = {B06F3969-C161-4216-82CC-84C2C95D2187}
		{B17B0F49-4D3A-46AB-8C20-FFF0B75122D0} = {B06F3969-C161-4216-82CC-84C2C95D2187}
		{4A89AFD5-D3D5-41DF-AC8D-E15984898048} = {B06F3969-C161-4216-82CC-84C2C95D2187}
		{0708F625-442C-45BF-A74C-480A0DA30B68} = {B06F3969-C161-4216-82CC-84C2C95D2187}
		{3E7B244E-AB5D-4AA7-81BF-5FFC63969641} = {EFABB933-318C-4121-9169-E5ED90766A0A}
		{36D75EAC-9C39-486C-8356-7519FBE07D01} = {EFABB933-318C-4121-9169-E5ED90766A0A}
		{27C4723B-2EC6-43AF-B02C-D19392381219} = {EFABB933-318C-4121-9169-E5ED90766A0A}
		{F0CC5EC8-72BC-4A5F-84FF-8BDB58B58D2E} = {EFABB933-318C-4121-9169-E5ED90766A0A}
		{313D9B49-63C1-468B-AC33-71015C1E34CF} = {BC07075C-45C9-473C-88D4-391A7B3FF1E7}
		{532EEF67-B3BB-4CA8-98E9-483E8E5ADF2A} = {BC07075C-45C9-473C-88D4-391A7B3FF1E7}
		{FFFC474C-1A82-42ED-B714-FE8E6878FAF8} = {BC07075C-45C9-473C-88D4-391A7B3FF1E7}
		{BBA6EBA9-C0C0-465B-838B-D3B605AA6950} = {78680FA5-FB47-4B6F-8123-3B531FB574BE}
		{EB382C12-9836-4309-AA3B-85EA29D0B51E} = {78680FA5-FB47-4B6F-8123-3B531FB574BE}
		{FC0151A2-7FD5-408B-93F4-5AB4C20161F2} = {4ECC8F30-A6F1-4F58-BC7D-4C3775D887F9}
	EndGlobalSection
	GlobalSection(SubversionScc) = preSolution
		Svn-Managed = True
		Manager = AnkhSVN - Subversion Support for Visual Studio
	EndGlobalSection
EndGlobal
